{
  "name": "@unlib-js/unreliable",
  "version": "1.1.1",
  "lockfileVersion": 2,
  "requires": true,
  "packages": {
    "": {
      "name": "@unlib-js/unreliable",
      "version": "1.1.1",
      "hasInstallScript": true,
      "license": "ISC",
      "dependencies": {
        "@unlib-js/event-barrier": "github:unlib-js/event-barrier"
      },
      "devDependencies": {
        "@types/node": "^15.6.1",
        "typescript": "^4.2.4"
      }
    },
    "node_modules/@types/node": {
      "version": "15.6.1",
      "resolved": "https://registry.npmjs.org/@types/node/-/node-15.6.1.tgz",
      "integrity": "sha512-7EIraBEyRHEe7CH+Fm1XvgqU6uwZN8Q7jppJGcqjROMT29qhAuuOxYB1uEY5UMYQKEmA5D+5tBnhdaPXSsLONA==",
      "dev": true
    },
    "node_modules/@unlib-js/event-barrier": {
      "version": "1.1.0",
      "resolved": "git+ssh://git@github.com/unlib-js/event-barrier.git#7dac7c5e8a88d4c2f82a0e26f8f1dc877cf7aae3",
      "hasInstallScript": true,
      "license": "ISC"
    },
    "node_modules/typescript": {
      "version": "4.2.4",
      "resolved": "https://registry.npmjs.org/typescript/-/typescript-4.2.4.tgz",
      "integrity": "sha512-V+evlYHZnQkaz8TRBuxTA92yZBPotr5H+WhQ7bD3hZUndx5tGOa1fuCgeSjxAzM1RiN5IzvadIXTVefuuwZCRg==",
      "dev": true,
      "bin": {
        "tsc": "bin/tsc",
        "tsserver": "bin/tsserver"
      },
      "engines": {
        "node": ">=4.2.0"
      }
    }
  },
  "dependencies": {
    "@types/node": {
      "version": "15.6.1",
      "resolved": "https://registry.npmjs.org/@types/node/-/node-15.6.1.tgz",
      "integrity": "sha512-7EIraBEyRHEe7CH+Fm1XvgqU6uwZN8Q7jppJGcqjROMT29qhAuuOxYB1uEY5UMYQKEmA5D+5tBnhdaPXSsLONA==",
      "dev": true
    },
    "@unlib-js/event-barrier": {
      "version": "git+ssh://git@github.com/unlib-js/event-barrier.git#7dac7c5e8a88d4c2f82a0e26f8f1dc877cf7aae3",
      "from": "@unlib-js/event-barrier@github:unlib-js/event-barrier"
    },
    "typescript": {
      "version": "4.2.4",
      "resolved": "https://registry.npmjs.org/typescript/-/typescript-4.2.4.tgz",
      "integrity": "sha512-V+evlYHZnQkaz8TRBuxTA92yZBPotr5H+WhQ7bD3hZUndx5tGOa1fuCgeSjxAzM1RiN5IzvadIXTVefuuwZCRg==",
      "dev": true
    }
  }
}
