{
  "name": "@unlib-js/unreliable",
  "version": "1.0.0",
  "lockfileVersion": 2,
  "requires": true,
  "packages": {
    "": {
      "name": "@unlib-js/unreliable",
      "version": "1.0.0",
      "hasInstallScript": true,
      "license": "ISC",
      "dependencies": {
        "@unlib-js/event-barrier": "github:unlib-js/event-barrier"
      },
      "devDependencies": {
        "@types/node": "^15.0.3",
        "typescript": "^4.2.4"
      }
    },
    "node_modules/@types/node": {
      "version": "15.0.3",
      "resolved": "https://registry.npmjs.org/@types/node/-/node-15.0.3.tgz",
      "integrity": "sha512-/WbxFeBU+0F79z9RdEOXH4CsDga+ibi5M8uEYr91u3CkT/pdWcV8MCook+4wDPnZBexRdwWS+PiVZ2xJviAzcQ==",
      "dev": true
    },
    "node_modules/@unlib-js/event-barrier": {
      "version": "1.0.0",
      "resolved": "git+ssh://git@github.com/unlib-js/event-barrier.git#075e88223cfb2b8cc85ec741575297ce9beb9c1a",
      "hasInstallScript": true,
      "license": "ISC"
    },
    "node_modules/typescript": {
      "version": "4.2.4",
      "resolved": "https://registry.npmjs.org/typescript/-/typescript-4.2.4.tgz",
      "integrity": "sha512-V+evlYHZnQkaz8TRBuxTA92yZBPotr5H+WhQ7bD3hZUndx5tGOa1fuCgeSjxAzM1RiN5IzvadIXTVefuuwZCRg==",
      "dev": true,
      "bin": {
        "tsc": "bin/tsc",
        "tsserver": "bin/tsserver"
      },
      "engines": {
        "node": ">=4.2.0"
      }
    }
  },
  "dependencies": {
    "@types/node": {
      "version": "15.0.3",
      "resolved": "https://registry.npmjs.org/@types/node/-/node-15.0.3.tgz",
      "integrity": "sha512-/WbxFeBU+0F79z9RdEOXH4CsDga+ibi5M8uEYr91u3CkT/pdWcV8MCook+4wDPnZBexRdwWS+PiVZ2xJviAzcQ==",
      "dev": true
    },
    "@unlib-js/event-barrier": {
      "version": "git+ssh://git@github.com/unlib-js/event-barrier.git#075e88223cfb2b8cc85ec741575297ce9beb9c1a",
      "from": "@unlib-js/event-barrier@github:unlib-js/event-barrier"
    },
    "typescript": {
      "version": "4.2.4",
      "resolved": "https://registry.npmjs.org/typescript/-/typescript-4.2.4.tgz",
      "integrity": "sha512-V+evlYHZnQkaz8TRBuxTA92yZBPotr5H+WhQ7bD3hZUndx5tGOa1fuCgeSjxAzM1RiN5IzvadIXTVefuuwZCRg==",
      "dev": true
    }
  }
}
